// !$*UTF8*$!
{
	archiveVersion = 1;
	classes = {
	};
	objectVersion = 50;
	objects = {

/* Begin PBXBuildFile section */
		BF993A4B235618C600113555 /* KeyboardAvoider.h in Headers */ = {isa = PBXBuildFile; fileRef = BF993A49235618C600113555 /* KeyboardAvoider.h */; settings = {ATTRIBUTES = (Public, ); }; };
		BF993A522356191800113555 /* KeyboardAvoider.swift in Sources */ = {isa = PBXBuildFile; fileRef = BF993A512356191800113555 /* KeyboardAvoider.swift */; };
		BF993A5A23561CA000113555 /* AppDelegate.swift in Sources */ = {isa = PBXBuildFile; fileRef = BF993A5923561CA000113555 /* AppDelegate.swift */; };
		BF993A5C23561CA000113555 /* SceneDelegate.swift in Sources */ = {isa = PBXBuildFile; fileRef = BF993A5B23561CA000113555 /* SceneDelegate.swift */; };
		BF993A5E23561CA000113555 /* ViewController.swift in Sources */ = {isa = PBXBuildFile; fileRef = BF993A5D23561CA000113555 /* ViewController.swift */; };
		BF993A6123561CA000113555 /* Main.storyboard in Resources */ = {isa = PBXBuildFile; fileRef = BF993A5F23561CA000113555 /* Main.storyboard */; };
		BF993A6323561CA200113555 /* Assets.xcassets in Resources */ = {isa = PBXBuildFile; fileRef = BF993A6223561CA200113555 /* Assets.xcassets */; };
		BF993A6623561CA200113555 /* LaunchScreen.storyboard in Resources */ = {isa = PBXBuildFile; fileRef = BF993A6423561CA200113555 /* LaunchScreen.storyboard */; };
/* End PBXBuildFile section */

/* Begin PBXFileReference section */
		BF993A46235618C600113555 /* KeyboardAvoider.framework */ = {isa = PBXFileReference; explicitFileType = wrapper.framework; includeInIndex = 0; path = KeyboardAvoider.framework; sourceTree = BUILT_PRODUCTS_DIR; };
		BF993A49235618C600113555 /* KeyboardAvoider.h */ = {isa = PBXFileReference; lastKnownFileType = sourcecode.c.h; path = KeyboardAvoider.h; sourceTree = "<group>"; };
		BF993A4A235618C600113555 /* Info.plist */ = {isa = PBXFileReference; lastKnownFileType = text.plist.xml; path = Info.plist; sourceTree = "<group>"; };
		BF993A512356191800113555 /* KeyboardAvoider.swift */ = {isa = PBXFileReference; lastKnownFileType = sourcecode.swift; path = KeyboardAvoider.swift; sourceTree = "<group>"; };
		BF993A5723561CA000113555 /* Example.app */ = {isa = PBXFileReference; explicitFileType = wrapper.application; includeInIndex = 0; path = Example.app; sourceTree = BUILT_PRODUCTS_DIR; };
		BF993A5923561CA000113555 /* AppDelegate.swift */ = {isa = PBXFileReference; lastKnownFileType = sourcecode.swift; path = AppDelegate.swift; sourceTree = "<group>"; };
		BF993A5B23561CA000113555 /* SceneDelegate.swift */ = {isa = PBXFileReference; lastKnownFileType = sourcecode.swift; path = SceneDelegate.swift; sourceTree = "<group>"; };
		BF993A5D23561CA000113555 /* ViewController.swift */ = {isa = PBXFileReference; lastKnownFileType = sourcecode.swift; path = ViewController.swift; sourceTree = "<group>"; };
		BF993A6023561CA000113555 /* Base */ = {isa = PBXFileReference; lastKnownFileType = file.storyboard; name = Base; path = Base.lproj/Main.storyboard; sourceTree = "<group>"; };
		BF993A6223561CA200113555 /* Assets.xcassets */ = {isa = PBXFileReference; lastKnownFileType = folder.assetcatalog; path = Assets.xcassets; sourceTree = "<group>"; };
		BF993A6523561CA200113555 /* Base */ = {isa = PBXFileReference; lastKnownFileType = file.storyboard; name = Base; path = Base.lproj/LaunchScreen.storyboard; sourceTree = "<group>"; };
		BF993A6723561CA200113555 /* Info.plist */ = {isa = PBXFileReference; lastKnownFileType = text.plist.xml; path = Info.plist; sourceTree = "<group>"; };
/* End PBXFileReference section */

/* Begin PBXFrameworksBuildPhase section */
		BF993A43235618C600113555 /* Frameworks */ = {
			isa = PBXFrameworksBuildPhase;
			buildActionMask = 2147483647;
			files = (
			);
			runOnlyForDeploymentPostprocessing = 0;
		};
		BF993A5423561CA000113555 /* Frameworks */ = {
			isa = PBXFrameworksBuildPhase;
			buildActionMask = 2147483647;
			files = (
			);
			runOnlyForDeploymentPostprocessing = 0;
		};
/* End PBXFrameworksBuildPhase section */

/* Begin PBXGroup section */
		BF993A3C235618C600113555 = {
			isa = PBXGroup;
			children = (
				BFCD6A8423BCD616009BD2D7 /* Sources */,
				BF993A5823561CA000113555 /* Example */,
				BF993A47235618C600113555 /* Products */,
			);
			sourceTree = "<group>";
		};
		BF993A47235618C600113555 /* Products */ = {
			isa = PBXGroup;
			children = (
				BF993A46235618C600113555 /* KeyboardAvoider.framework */,
				BF993A5723561CA000113555 /* Example.app */,
			);
			name = Products;
			sourceTree = "<group>";
		};
		BF993A48235618C600113555 /* KeyboardAvoider */ = {
			isa = PBXGroup;
			children = (
				BF993A49235618C600113555 /* KeyboardAvoider.h */,
				BF993A4A235618C600113555 /* Info.plist */,
				BF993A512356191800113555 /* KeyboardAvoider.swift */,
			);
			path = KeyboardAvoider;
			sourceTree = "<group>";
		};
		BF993A5823561CA000113555 /* Example */ = {
			isa = PBXGroup;
			children = (
				BF993A5923561CA000113555 /* AppDelegate.swift */,
				BF993A5B23561CA000113555 /* SceneDelegate.swift */,
				BF993A5D23561CA000113555 /* ViewController.swift */,
				BF993A5F23561CA000113555 /* Main.storyboard */,
				BF993A6223561CA200113555 /* Assets.xcassets */,
				BF993A6423561CA200113555 /* LaunchScreen.storyboard */,
				BF993A6723561CA200113555 /* Info.plist */,
			);
			path = Example;
			sourceTree = "<group>";
		};
		BFCD6A8423BCD616009BD2D7 /* Sources */ = {
			isa = PBXGroup;
			children = (
				BF993A48235618C600113555 /* KeyboardAvoider */,
			);
			path = Sources;
			sourceTree = "<group>";
		};
/* End PBXGroup section */

/* Begin PBXHeadersBuildPhase section */
		BF993A41235618C600113555 /* Headers */ = {
			isa = PBXHeadersBuildPhase;
			buildActionMask = 2147483647;
			files = (
				BF993A4B235618C600113555 /* KeyboardAvoider.h in Headers */,
			);
			runOnlyForDeploymentPostprocessing = 0;
		};
/* End PBXHeadersBuildPhase section */

/* Begin PBXNativeTarget section */
		BF993A45235618C600113555 /* KeyboardAvoider */ = {
			isa = PBXNativeTarget;
			buildConfigurationList = BF993A4E235618C600113555 /* Build configuration list for PBXNativeTarget "KeyboardAvoider" */;
			buildPhases = (
				BF993A41235618C600113555 /* Headers */,
				BF993A42235618C600113555 /* Sources */,
				BF993A43235618C600113555 /* Frameworks */,
				BF993A44235618C600113555 /* Resources */,
			);
			buildRules = (
			);
			dependencies = (
			);
			name = KeyboardAvoider;
			productName = KeyboardAvoider;
			productReference = BF993A46235618C600113555 /* KeyboardAvoider.framework */;
			productType = "com.apple.product-type.framework";
		};
		BF993A5623561CA000113555 /* Example */ = {
			isa = PBXNativeTarget;
			buildConfigurationList = BF993A6823561CA200113555 /* Build configuration list for PBXNativeTarget "Example" */;
			buildPhases = (
				BF993A5323561CA000113555 /* Sources */,
				BF993A5423561CA000113555 /* Frameworks */,
				BF993A5523561CA000113555 /* Resources */,
			);
			buildRules = (
			);
			dependencies = (
			);
			name = Example;
			productName = Example;
			productReference = BF993A5723561CA000113555 /* Example.app */;
			productType = "com.apple.product-type.application";
		};
/* End PBXNativeTarget section */

/* Begin PBXProject section */
		BF993A3D235618C600113555 /* Project object */ = {
			isa = PBXProject;
			attributes = {
				LastSwiftUpdateCheck = 1100;
				LastUpgradeCheck = 1100;
				ORGANIZATIONNAME = "Hiroaki Tomiyoshi";
				TargetAttributes = {
					BF993A45235618C600113555 = {
						CreatedOnToolsVersion = 11.0;
						LastSwiftMigration = 1100;
					};
					BF993A5623561CA000113555 = {
						CreatedOnToolsVersion = 11.0;
					};
				};
			};
			buildConfigurationList = BF993A40235618C600113555 /* Build configuration list for PBXProject "KeyboardAvoider" */;
			compatibilityVersion = "Xcode 9.3";
			developmentRegion = en;
			hasScannedForEncodings = 0;
			knownRegions = (
				en,
				Base,
			);
			mainGroup = BF993A3C235618C600113555;
			productRefGroup = BF993A47235618C600113555 /* Products */;
			projectDirPath = "";
			projectRoot = "";
			targets = (
				BF993A45235618C600113555 /* KeyboardAvoider */,
				BF993A5623561CA000113555 /* Example */,
			);
		};
/* End PBXProject section */

/* Begin PBXResourcesBuildPhase section */
		BF993A44235618C600113555 /* Resources */ = {
			isa = PBXResourcesBuildPhase;
			buildActionMask = 2147483647;
			files = (
			);
			runOnlyForDeploymentPostprocessing = 0;
		};
		BF993A5523561CA000113555 /* Resources */ = {
			isa = PBXResourcesBuildPhase;
			buildActionMask = 2147483647;
			files = (
				BF993A6623561CA200113555 /* LaunchScreen.storyboard in Resources */,
				BF993A6323561CA200113555 /* Assets.xcassets in Resources */,
				BF993A6123561CA000113555 /* Main.storyboard in Resources */,
			);
			runOnlyForDeploymentPostprocessing = 0;
		};
/* End PBXResourcesBuildPhase section */

/* Begin PBXSourcesBuildPhase section */
		BF993A42235618C600113555 /* Sources */ = {
			isa = PBXSourcesBuildPhase;
			buildActionMask = 2147483647;
			files = (
				BF993A522356191800113555 /* KeyboardAvoider.swift in Sources */,
			);
			runOnlyForDeploymentPostprocessing = 0;
		};
		BF993A5323561CA000113555 /* Sources */ = {
			isa = PBXSourcesBuildPhase;
			buildActionMask = 2147483647;
			files = (
				BF993A5E23561CA000113555 /* ViewController.swift in Sources */,
				BF993A5A23561CA000113555 /* AppDelegate.swift in Sources */,
				BF993A5C23561CA000113555 /* SceneDelegate.swift in Sources */,
			);
			runOnlyForDeploymentPostprocessing = 0;
		};
/* End PBXSourcesBuildPhase section */

/* Begin PBXVariantGroup section */
		BF993A5F23561CA000113555 /* Main.storyboard */ = {
			isa = PBXVariantGroup;
			children = (
				BF993A6023561CA000113555 /* Base */,
			);
			name = Main.storyboard;
			sourceTree = "<group>";
		};
		BF993A6423561CA200113555 /* LaunchScreen.storyboard */ = {
			isa = PBXVariantGroup;
			children = (
				BF993A6523561CA200113555 /* Base */,
			);
			name = LaunchScreen.storyboard;
			sourceTree = "<group>";
		};
/* End PBXVariantGroup section */

/* Begin XCBuildConfiguration section */
		BF993A4C235618C600113555 /* Debug */ = {
			isa = XCBuildConfiguration;
			buildSettings = {
				ALWAYS_SEARCH_USER_PATHS = NO;
				CLANG_ANALYZER_NONNULL = YES;
				CLANG_ANALYZER_NUMBER_OBJECT_CONVERSION = YES_AGGRESSIVE;
				CLANG_CXX_LANGUAGE_STANDARD = "gnu++14";
				CLANG_CXX_LIBRARY = "libc++";
				CLANG_ENABLE_MODULES = YES;
				CLANG_ENABLE_OBJC_ARC = YES;
				CLANG_ENABLE_OBJC_WEAK = YES;
				CLANG_WARN_BLOCK_CAPTURE_AUTORELEASING = YES;
				CLANG_WARN_BOOL_CONVERSION = YES;
				CLANG_WARN_COMMA = YES;
				CLANG_WARN_CONSTANT_CONVERSION = YES;
				CLANG_WARN_DEPRECATED_OBJC_IMPLEMENTATIONS = YES;
				CLANG_WARN_DIRECT_OBJC_ISA_USAGE = YES_ERROR;
				CLANG_WARN_DOCUMENTATION_COMMENTS = YES;
				CLANG_WARN_EMPTY_BODY = YES;
				CLANG_WARN_ENUM_CONVERSION = YES;
				CLANG_WARN_INFINITE_RECURSION = YES;
				CLANG_WARN_INT_CONVERSION = YES;
				CLANG_WARN_NON_LITERAL_NULL_CONVERSION = YES;
				CLANG_WARN_OBJC_IMPLICIT_RETAIN_SELF = YES;
				CLANG_WARN_OBJC_LITERAL_CONVERSION = YES;
				CLANG_WARN_OBJC_ROOT_CLASS = YES_ERROR;
				CLANG_WARN_RANGE_LOOP_ANALYSIS = YES;
				CLANG_WARN_STRICT_PROTOTYPES = YES;
				CLANG_WARN_SUSPICIOUS_MOVE = YES;
				CLANG_WARN_UNGUARDED_AVAILABILITY = YES_AGGRESSIVE;
				CLANG_WARN_UNREACHABLE_CODE = YES;
				CLANG_WARN__DUPLICATE_METHOD_MATCH = YES;
				COPY_PHASE_STRIP = NO;
				CURRENT_PROJECT_VERSION = 1;
				DEBUG_INFORMATION_FORMAT = dwarf;
				ENABLE_STRICT_OBJC_MSGSEND = YES;
				ENABLE_TESTABILITY = YES;
				GCC_C_LANGUAGE_STANDARD = gnu11;
				GCC_DYNAMIC_NO_PIC = NO;
				GCC_NO_COMMON_BLOCKS = YES;
				GCC_OPTIMIZATION_LEVEL = 0;
				GCC_PREPROCESSOR_DEFINITIONS = (
					"DEBUG=1",
					"$(inherited)",
				);
				GCC_WARN_64_TO_32_BIT_CONVERSION = YES;
				GCC_WARN_ABOUT_RETURN_TYPE = YES_ERROR;
				GCC_WARN_UNDECLARED_SELECTOR = YES;
				GCC_WARN_UNINITIALIZED_AUTOS = YES_AGGRESSIVE;
				GCC_WARN_UNUSED_FUNCTION = YES;
				GCC_WARN_UNUSED_VARIABLE = YES;
				IPHONEOS_DEPLOYMENT_TARGET = 13.0;
				MTL_ENABLE_DEBUG_INFO = INCLUDE_SOURCE;
				MTL_FAST_MATH = YES;
				ONLY_ACTIVE_ARCH = YES;
				SDKROOT = iphoneos;
				SWIFT_ACTIVE_COMPILATION_CONDITIONS = DEBUG;
				SWIFT_OPTIMIZATION_LEVEL = "-Onone";
				VERSIONING_SYSTEM = "apple-generic";
				VERSION_INFO_PREFIX = "";
			};
			name = Debug;
		};
		BF993A4D235618C600113555 /* Release */ = {
			isa = XCBuildConfiguration;
			buildSettings = {
				ALWAYS_SEARCH_USER_PATHS = NO;
				CLANG_ANALYZER_NONNULL = YES;
				CLANG_ANALYZER_NUMBER_OBJECT_CONVERSION = YES_AGGRESSIVE;
				CLANG_CXX_LANGUAGE_STANDARD = "gnu++14";
				CLANG_CXX_LIBRARY = "libc++";
				CLANG_ENABLE_MODULES = YES;
				CLANG_ENABLE_OBJC_ARC = YES;
				CLANG_ENABLE_OBJC_WEAK = YES;
				CLANG_WARN_BLOCK_CAPTURE_AUTORELEASING = YES;
				CLANG_WARN_BOOL_CONVERSION = YES;
				CLANG_WARN_COMMA = YES;
				CLANG_WARN_CONSTANT_CONVERSION = YES;
				CLANG_WARN_DEPRECATED_OBJC_IMPLEMENTATIONS = YES;
				CLANG_WARN_DIRECT_OBJC_ISA_USAGE = YES_ERROR;
				CLANG_WARN_DOCUMENTATION_COMMENTS = YES;
				CLANG_WARN_EMPTY_BODY = YES;
				CLANG_WARN_ENUM_CONVERSION = YES;
				CLANG_WARN_INFINITE_RECURSION = YES;
				CLANG_WARN_INT_CONVERSION = YES;
				CLANG_WARN_NON_LITERAL_NULL_CONVERSION = YES;
				CLANG_WARN_OBJC_IMPLICIT_RETAIN_SELF = YES;
				CLANG_WARN_OBJC_LITERAL_CONVERSION = YES;
				CLANG_WARN_OBJC_ROOT_CLASS = YES_ERROR;
				CLANG_WARN_RANGE_LOOP_ANALYSIS = YES;
				CLANG_WARN_STRICT_PROTOTYPES = YES;
				CLANG_WARN_SUSPICIOUS_MOVE = YES;
				CLANG_WARN_UNGUARDED_AVAILABILITY = YES_AGGRESSIVE;
				CLANG_WARN_UNREACHABLE_CODE = YES;
				CLANG_WARN__DUPLICATE_METHOD_MATCH = YES;
				COPY_PHASE_STRIP = NO;
				CURRENT_PROJECT_VERSION = 1;
				DEBUG_INFORMATION_FORMAT = "dwarf-with-dsym";
				ENABLE_NS_ASSERTIONS = NO;
				ENABLE_STRICT_OBJC_MSGSEND = YES;
				GCC_C_LANGUAGE_STANDARD = gnu11;
				GCC_NO_COMMON_BLOCKS = YES;
				GCC_WARN_64_TO_32_BIT_CONVERSION = YES;
				GCC_WARN_ABOUT_RETURN_TYPE = YES_ERROR;
				GCC_WARN_UNDECLARED_SELECTOR = YES;
				GCC_WARN_UNINITIALIZED_AUTOS = YES_AGGRESSIVE;
				GCC_WARN_UNUSED_FUNCTION = YES;
				GCC_WARN_UNUSED_VARIABLE = YES;
				IPHONEOS_DEPLOYMENT_TARGET = 13.0;
				MTL_ENABLE_DEBUG_INFO = NO;
				MTL_FAST_MATH = YES;
				SDKROOT = iphoneos;
				SWIFT_COMPILATION_MODE = wholemodule;
				SWIFT_OPTIMIZATION_LEVEL = "-O";
				VALIDATE_PRODUCT = YES;
				VERSIONING_SYSTEM = "apple-generic";
				VERSION_INFO_PREFIX = "";
			};
			name = Release;
		};
		BF993A4F235618C600113555 /* Debug */ = {
			isa = XCBuildConfiguration;
			buildSettings = {
				CLANG_ENABLE_MODULES = YES;
				CODE_SIGN_STYLE = Automatic;
				DEFINES_MODULE = YES;
				DYLIB_COMPATIBILITY_VERSION = 1;
				DYLIB_CURRENT_VERSION = 1;
				DYLIB_INSTALL_NAME_BASE = "@rpath";
				INFOPLIST_FILE = Sources/KeyboardAvoider/Info.plist;
				INSTALL_PATH = "$(LOCAL_LIBRARY_DIR)/Frameworks";
				LD_RUNPATH_SEARCH_PATHS = (
					"$(inherited)",
					"@executable_path/Frameworks",
					"@loader_path/Frameworks",
				);
				PRODUCT_BUNDLE_IDENTIFIER = com.tommy10344.KeyboardAvoider;
				PRODUCT_NAME = "$(TARGET_NAME:c99extidentifier)";
				SKIP_INSTALL = YES;
				SWIFT_OPTIMIZATION_LEVEL = "-Onone";
				SWIFT_VERSION = 5.0;
				TARGETED_DEVICE_FAMILY = "1,2";
			};
			name = Debug;
		};
		BF993A50235618C600113555 /* Release */ = {
			isa = XCBuildConfiguration;
			buildSettings = {
				CLANG_ENABLE_MODULES = YES;
				CODE_SIGN_STYLE = Automatic;
				DEFINES_MODULE = YES;
				DYLIB_COMPATIBILITY_VERSION = 1;
				DYLIB_CURRENT_VERSION = 1;
				DYLIB_INSTALL_NAME_BASE = "@rpath";
				INFOPLIST_FILE = Sources/KeyboardAvoider/Info.plist;
				INSTALL_PATH = "$(LOCAL_LIBRARY_DIR)/Frameworks";
				LD_RUNPATH_SEARCH_PATHS = (
					"$(inherited)",
					"@executable_path/Frameworks",
					"@loader_path/Frameworks",
				);
				PRODUCT_BUNDLE_IDENTIFIER = com.tommy10344.KeyboardAvoider;
				PRODUCT_NAME = "$(TARGET_NAME:c99extidentifier)";
				SKIP_INSTALL = YES;
				SWIFT_VERSION = 5.0;
				TARGETED_DEVICE_FAMILY = "1,2";
			};
			name = Release;
		};
		BF993A6923561CA200113555 /* Debug */ = {
			isa = XCBuildConfiguration;
			buildSettings = {
				ASSETCATALOG_COMPILER_APPICON_NAME = AppIcon;
				CODE_SIGN_STYLE = Automatic;
				INFOPLIST_FILE = Example/Info.plist;
				LD_RUNPATH_SEARCH_PATHS = (
					"$(inherited)",
					"@executable_path/Frameworks",
				);
				PRODUCT_BUNDLE_IDENTIFIER = com.tommy10344.Example;
				PRODUCT_NAME = "$(TARGET_NAME)";
				SWIFT_VERSION = 5.0;
				TARGETED_DEVICE_FAMILY = "1,2";
			};
			name = Debug;
		};
		BF993A6A23561CA200113555 /* Release */ = {
			isa = XCBuildConfiguration;
			buildSettings = {
				ASSETCATALOG_COMPILER_APPICON_NAME = AppIcon;
				CODE_SIGN_STYLE = Automatic;
				INFOPLIST_FILE = Example/Info.plist;
				LD_RUNPATH_SEARCH_PATHS = (
					"$(inherited)",
					"@executable_path/Frameworks",
				);
				PRODUCT_BUNDLE_IDENTIFIER = com.tommy10344.Example;
				PRODUCT_NAME = "$(TARGET_NAME)";
				SWIFT_VERSION = 5.0;
				TARGETED_DEVICE_FAMILY = "1,2";
			};
			name = Release;
		};
/* End XCBuildConfiguration section */

/* Begin XCConfigurationList section */
		BF993A40235618C600113555 /* Build configuration list for PBXProject "KeyboardAvoider" */ = {
			isa = XCConfigurationList;
			buildConfigurations = (
				BF993A4C235618C600113555 /* Debug */,
				BF993A4D235618C600113555 /* Release */,
			);
			defaultConfigurationIsVisible = 0;
			defaultConfigurationName = Release;
		};
		BF993A4E235618C600113555 /* Build configuration list for PBXNativeTarget "KeyboardAvoider" */ = {
			isa = XCConfigurationList;
			buildConfigurations = (
				BF993A4F235618C600113555 /* Debug */,
				BF993A50235618C600113555 /* Release */,
			);
			defaultConfigurationIsVisible = 0;
			defaultConfigurationName = Release;
		};
		BF993A6823561CA200113555 /* Build configuration list for PBXNativeTarget "Example" */ = {
			isa = XCConfigurationList;
			buildConfigurations = (
				BF993A6923561CA200113555 /* Debug */,
				BF993A6A23561CA200113555 /* Release */,
			);
			defaultConfigurationIsVisible = 0;
			defaultConfigurationName = Release;
		};
/* End XCConfigurationList section */
	};
	rootObject = BF993A3D235618C600113555 /* Project object */;
}
